
Microsoft Visual Studio Solution File, Format Version 12.00
# Visual Studio 15
VisualStudioVersion = 15.0.28010.2026
MinimumVisualStudioVersion = 10.0.40219.1
Project("{FAE04EC0-301F-11D3-BF4B-00C04F79EFBC}") = "KnightsTour", "KnightsTour\KnightsTour.csproj", "{26F7BA66-AE93-4912-995F-DF79C6E43EC1}"
EndProject
Global
	GlobalSection(SolutionConfigurationPlatforms) = preSolution
		Debug|Any CPU = Debug|Any CPU
		Release|Any CPU = Release|Any CPU
	EndGlobalSection
	GlobalSection(ProjectConfigurationPlatforms) = postSolution
		{26F7BA66-AE93-4912-995F-DF79C6E43EC1}.Debug|Any CPU.ActiveCfg = Debug|Any CPU
		{26F7BA66-AE93-4912-995F-DF79C6E43EC1}.Debug|Any CPU.Build.0 = Debug|Any CPU
		{26F7BA66-AE93-4912-995F-DF79C6E43EC1}.Release|Any CPU.ActiveCfg = Release|Any CPU
		{26F7BA66-AE93-4912-995F-DF79C6E43EC1}.Release|Any CPU.Build.0 = Release|Any CPU
	EndGlobalSection
	GlobalSection(SolutionProperties) = preSolution
		HideSolutionNode = FALSE
	EndGlobalSection
	GlobalSection(ExtensibilityGlobals) = postSolution
		SolutionGuid = {087EDFDC-5F37-477B-962C-9635A00FE48C}
	EndGlobalSection
EndGlobal
